
Microsoft Visual Studio Solution File, Format Version 12.00
# Visual Studio Version 16
VisualStudioVersion = 16.0.34031.81
MinimumVisualStudioVersion = 10.0.40219.1
Project("{9A19103F-16F7-4668-BE54-9A1E7A4F7556}") = "CRUD-MVC", "CRUD-MVC\CRUD-MVC.csproj", "{FDEE1217-23FE-43ED-9B0E-72515D032EFE}"
EndProject
Project("{FAE04EC0-301F-11D3-BF4B-00C04F79EFBC}") = "classlibrary", "classlibrary\classlibrary.csproj", "{3D5BB56B-C253-4869-848A-A9106E5DAD00}"
EndProject
Global
	GlobalSection(SolutionConfigurationPlatforms) = preSolution
		Debug|Any CPU = Debug|Any CPU
		Release|Any CPU = Release|Any CPU
	EndGlobalSection
	GlobalSection(ProjectConfigurationPlatforms) = postSolution
		{FDEE1217-23FE-43ED-9B0E-72515D032EFE}.Debug|Any CPU.ActiveCfg = Debug|Any CPU
		{FDEE1217-23FE-43ED-9B0E-72515D032EFE}.Debug|Any CPU.Build.0 = Debug|Any CPU
		{FDEE1217-23FE-43ED-9B0E-72515D032EFE}.Release|Any CPU.ActiveCfg = Release|Any CPU
		{FDEE1217-23FE-43ED-9B0E-72515D032EFE}.Release|Any CPU.Build.0 = Release|Any CPU
		{3D5BB56B-C253-4869-848A-A9106E5DAD00}.Debug|Any CPU.ActiveCfg = Debug|Any CPU
		{3D5BB56B-C253-4869-848A-A9106E5DAD00}.Debug|Any CPU.Build.0 = Debug|Any CPU
		{3D5BB56B-C253-4869-848A-A9106E5DAD00}.Release|Any CPU.ActiveCfg = Release|Any CPU
		{3D5BB56B-C253-4869-848A-A9106E5DAD00}.Release|Any CPU.Build.0 = Release|Any CPU
	EndGlobalSection
	GlobalSection(SolutionProperties) = preSolution
		HideSolutionNode = FALSE
	EndGlobalSection
	GlobalSection(ExtensibilityGlobals) = postSolution
		SolutionGuid = {745A2D51-9A78-4B57-A9C6-7311B149014B}
	EndGlobalSection
EndGlobal
